// !$*UTF8*$!
{
	archiveVersion = 1;
	classes = {
	};
	objectVersion = 55;
	objects = {

/* Begin PBXBuildFile section */
		E261C3D7283283F40048B5DE /* WeatherDockApp.swift in Sources */ = {isa = PBXBuildFile; fileRef = E261C3D6283283F40048B5DE /* WeatherDockApp.swift */; };
		E261C3DB283283F50048B5DE /* Assets.xcassets in Resources */ = {isa = PBXBuildFile; fileRef = E261C3DA283283F50048B5DE /* Assets.xcassets */; };
		E261C3DE283283F50048B5DE /* Preview Assets.xcassets in Resources */ = {isa = PBXBuildFile; fileRef = E261C3DD283283F50048B5DE /* Preview Assets.xcassets */; };
		E261C3E6283284C00048B5DE /* .gitignore in Resources */ = {isa = PBXBuildFile; fileRef = E261C3E5283284BF0048B5DE /* .gitignore */; };
		E261C3E8283284E00048B5DE /* README.md in Resources */ = {isa = PBXBuildFile; fileRef = E261C3E7283284E00048B5DE /* README.md */; };
		E261C3FB283285100048B5DE /* WeatherData.swift in Sources */ = {isa = PBXBuildFile; fileRef = E261C3EA2832850F0048B5DE /* WeatherData.swift */; };
		E261C3FC283285100048B5DE /* ForecastData.swift in Sources */ = {isa = PBXBuildFile; fileRef = E261C3EB2832850F0048B5DE /* ForecastData.swift */; };
		E261C3FD283285100048B5DE /* CurrentWeatherData.swift in Sources */ = {isa = PBXBuildFile; fileRef = E261C3EC2832850F0048B5DE /* CurrentWeatherData.swift */; };
		E261C3FE283285100048B5DE /* DefaultSettings.swift in Sources */ = {isa = PBXBuildFile; fileRef = E261C3ED2832850F0048B5DE /* DefaultSettings.swift */; };
		E261C3FF283285100048B5DE /* Extentions.swift in Sources */ = {isa = PBXBuildFile; fileRef = E261C3EF283285100048B5DE /* Extentions.swift */; };
		E261C400283285100048B5DE /* Network.swift in Sources */ = {isa = PBXBuildFile; fileRef = E261C3F0283285100048B5DE /* Network.swift */; };
		E261C401283285100048B5DE /* Utils.swift in Sources */ = {isa = PBXBuildFile; fileRef = E261C3F1283285100048B5DE /* Utils.swift */; };
		E261C402283285100048B5DE /* LocationManager.swift in Sources */ = {isa = PBXBuildFile; fileRef = E261C3F2283285100048B5DE /* LocationManager.swift */; };
		E261C403283285100048B5DE /* SettingsView.swift in Sources */ = {isa = PBXBuildFile; fileRef = E261C3F5283285100048B5DE /* SettingsView.swift */; };
		E261C404283285100048B5DE /* AboutSettingsView.swift in Sources */ = {isa = PBXBuildFile; fileRef = E261C3F6283285100048B5DE /* AboutSettingsView.swift */; };
		E261C405283285100048B5DE /* GeneralSettingsView.swift in Sources */ = {isa = PBXBuildFile; fileRef = E261C3F7283285100048B5DE /* GeneralSettingsView.swift */; };
		E261C406283285100048B5DE /* CurrentWeatherView.swift in Sources */ = {isa = PBXBuildFile; fileRef = E261C3F8283285100048B5DE /* CurrentWeatherView.swift */; };
		E261C407283285100048B5DE /* ForecastView.swift in Sources */ = {isa = PBXBuildFile; fileRef = E261C3F9283285100048B5DE /* ForecastView.swift */; };
		E261C408283285100048B5DE /* ContentView.swift in Sources */ = {isa = PBXBuildFile; fileRef = E261C3FA283285100048B5DE /* ContentView.swift */; };
		E261C40A283285360048B5DE /* keys.plist in Resources */ = {isa = PBXBuildFile; fileRef = E261C409283285360048B5DE /* keys.plist */; };
/* End PBXBuildFile section */

/* Begin PBXFileReference section */
		E261C3D3283283F40048B5DE /* WeatherDock.app */ = {isa = PBXFileReference; explicitFileType = wrapper.application; includeInIndex = 0; path = WeatherDock.app; sourceTree = BUILT_PRODUCTS_DIR; };
		E261C3D6283283F40048B5DE /* WeatherDockApp.swift */ = {isa = PBXFileReference; lastKnownFileType = sourcecode.swift; path = WeatherDockApp.swift; sourceTree = "<group>"; };
		E261C3DA283283F50048B5DE /* Assets.xcassets */ = {isa = PBXFileReference; lastKnownFileType = folder.assetcatalog; path = Assets.xcassets; sourceTree = "<group>"; };
		E261C3DD283283F50048B5DE /* Preview Assets.xcassets */ = {isa = PBXFileReference; lastKnownFileType = folder.assetcatalog; path = "Preview Assets.xcassets"; sourceTree = "<group>"; };
		E261C3DF283283F50048B5DE /* WeatherDock.entitlements */ = {isa = PBXFileReference; lastKnownFileType = text.plist.entitlements; path = WeatherDock.entitlements; sourceTree = "<group>"; };
		E261C3E5283284BF0048B5DE /* .gitignore */ = {isa = PBXFileReference; fileEncoding = 4; lastKnownFileType = text; path = .gitignore; sourceTree = "<group>"; };
		E261C3E7283284E00048B5DE /* README.md */ = {isa = PBXFileReference; fileEncoding = 4; lastKnownFileType = net.daringfireball.markdown; path = README.md; sourceTree = "<group>"; };
		E261C3EA2832850F0048B5DE /* WeatherData.swift */ = {isa = PBXFileReference; fileEncoding = 4; lastKnownFileType = sourcecode.swift; path = WeatherData.swift; sourceTree = "<group>"; };
		E261C3EB2832850F0048B5DE /* ForecastData.swift */ = {isa = PBXFileReference; fileEncoding = 4; lastKnownFileType = sourcecode.swift; path = ForecastData.swift; sourceTree = "<group>"; };
		E261C3EC2832850F0048B5DE /* CurrentWeatherData.swift */ = {isa = PBXFileReference; fileEncoding = 4; lastKnownFileType = sourcecode.swift; path = CurrentWeatherData.swift; sourceTree = "<group>"; };
		E261C3ED2832850F0048B5DE /* DefaultSettings.swift */ = {isa = PBXFileReference; fileEncoding = 4; lastKnownFileType = sourcecode.swift; path = DefaultSettings.swift; sourceTree = "<group>"; };
		E261C3EF283285100048B5DE /* Extentions.swift */ = {isa = PBXFileReference; fileEncoding = 4; lastKnownFileType = sourcecode.swift; path = Extentions.swift; sourceTree = "<group>"; };
		E261C3F0283285100048B5DE /* Network.swift */ = {isa = PBXFileReference; fileEncoding = 4; lastKnownFileType = sourcecode.swift; path = Network.swift; sourceTree = "<group>"; };
		E261C3F1283285100048B5DE /* Utils.swift */ = {isa = PBXFileReference; fileEncoding = 4; lastKnownFileType = sourcecode.swift; path = Utils.swift; sourceTree = "<group>"; };
		E261C3F2283285100048B5DE /* LocationManager.swift */ = {isa = PBXFileReference; fileEncoding = 4; lastKnownFileType = sourcecode.swift; path = LocationManager.swift; sourceTree = "<group>"; };
		E261C3F5283285100048B5DE /* SettingsView.swift */ = {isa = PBXFileReference; fileEncoding = 4; lastKnownFileType = sourcecode.swift; path = SettingsView.swift; sourceTree = "<group>"; };
		E261C3F6283285100048B5DE /* AboutSettingsView.swift */ = {isa = PBXFileReference; fileEncoding = 4; lastKnownFileType = sourcecode.swift; path = AboutSettingsView.swift; sourceTree = "<group>"; };
		E261C3F7283285100048B5DE /* GeneralSettingsView.swift */ = {isa = PBXFileReference; fileEncoding = 4; lastKnownFileType = sourcecode.swift; path = GeneralSettingsView.swift; sourceTree = "<group>"; };
		E261C3F8283285100048B5DE /* CurrentWeatherView.swift */ = {isa = PBXFileReference; fileEncoding = 4; lastKnownFileType = sourcecode.swift; path = CurrentWeatherView.swift; sourceTree = "<group>"; };
		E261C3F9283285100048B5DE /* ForecastView.swift */ = {isa = PBXFileReference; fileEncoding = 4; lastKnownFileType = sourcecode.swift; path = ForecastView.swift; sourceTree = "<group>"; };
		E261C3FA283285100048B5DE /* ContentView.swift */ = {isa = PBXFileReference; fileEncoding = 4; lastKnownFileType = sourcecode.swift; path = ContentView.swift; sourceTree = "<group>"; };
		E261C409283285360048B5DE /* keys.plist */ = {isa = PBXFileReference; fileEncoding = 4; lastKnownFileType = text.plist.xml; path = keys.plist; sourceTree = "<group>"; };
		E261C40B2832863A0048B5DE /* Info.plist */ = {isa = PBXFileReference; lastKnownFileType = text.plist; path = Info.plist; sourceTree = "<group>"; };
		E261C40D283378730048B5DE /* index.md */ = {isa = PBXFileReference; lastKnownFileType = net.daringfireball.markdown; path = index.md; sourceTree = "<group>"; };
/* End PBXFileReference section */

/* Begin PBXFrameworksBuildPhase section */
		E261C3D0283283F40048B5DE /* Frameworks */ = {
			isa = PBXFrameworksBuildPhase;
			buildActionMask = 2147483647;
			files = (
			);
			runOnlyForDeploymentPostprocessing = 0;
		};
/* End PBXFrameworksBuildPhase section */

/* Begin PBXGroup section */
		E261C3CA283283F40048B5DE = {
			isa = PBXGroup;
			children = (
				E261C40C283377DB0048B5DE /* docs */,
				E261C3D5283283F40048B5DE /* WeatherDock */,
				E261C3E5283284BF0048B5DE /* .gitignore */,
				E261C3E7283284E00048B5DE /* README.md */,
				E261C3D4283283F40048B5DE /* Products */,
			);
			sourceTree = "<group>";
		};
		E261C3D4283283F40048B5DE /* Products */ = {
			isa = PBXGroup;
			children = (
				E261C3D3283283F40048B5DE /* WeatherDock.app */,
			);
			name = Products;
			sourceTree = "<group>";
		};
		E261C3D5283283F40048B5DE /* WeatherDock */ = {
			isa = PBXGroup;
			children = (
				E261C3E92832850F0048B5DE /* data */,
				E261C3EE283285100048B5DE /* services */,
				E261C3F3283285100048B5DE /* views */,
				E261C3D6283283F40048B5DE /* WeatherDockApp.swift */,
				E261C40B2832863A0048B5DE /* Info.plist */,
				E261C409283285360048B5DE /* keys.plist */,
				E261C3DA283283F50048B5DE /* Assets.xcassets */,
				E261C3DF283283F50048B5DE /* WeatherDock.entitlements */,
				E261C3DC283283F50048B5DE /* Preview Content */,
			);
			path = WeatherDock;
			sourceTree = "<group>";
		};
		E261C3DC283283F50048B5DE /* Preview Content */ = {
			isa = PBXGroup;
			children = (
				E261C3DD283283F50048B5DE /* Preview Assets.xcassets */,
			);
			path = "Preview Content";
			sourceTree = "<group>";
		};
		E261C3E92832850F0048B5DE /* data */ = {
			isa = PBXGroup;
			children = (
				E261C3EA2832850F0048B5DE /* WeatherData.swift */,
				E261C3EB2832850F0048B5DE /* ForecastData.swift */,
				E261C3EC2832850F0048B5DE /* CurrentWeatherData.swift */,
				E261C3ED2832850F0048B5DE /* DefaultSettings.swift */,
			);
			path = data;
			sourceTree = "<group>";
		};
		E261C3EE283285100048B5DE /* services */ = {
			isa = PBXGroup;
			children = (
				E261C3EF283285100048B5DE /* Extentions.swift */,
				E261C3F0283285100048B5DE /* Network.swift */,
				E261C3F1283285100048B5DE /* Utils.swift */,
				E261C3F2283285100048B5DE /* LocationManager.swift */,
			);
			path = services;
			sourceTree = "<group>";
		};
		E261C3F3283285100048B5DE /* views */ = {
			isa = PBXGroup;
			children = (
				E261C3F4283285100048B5DE /* settings */,
				E261C3F8283285100048B5DE /* CurrentWeatherView.swift */,
				E261C3F9283285100048B5DE /* ForecastView.swift */,
				E261C3FA283285100048B5DE /* ContentView.swift */,
			);
			path = views;
			sourceTree = "<group>";
		};
		E261C3F4283285100048B5DE /* settings */ = {
			isa = PBXGroup;
			children = (
				E261C3F5283285100048B5DE /* SettingsView.swift */,
				E261C3F6283285100048B5DE /* AboutSettingsView.swift */,
				E261C3F7283285100048B5DE /* GeneralSettingsView.swift */,
			);
			path = settings;
			sourceTree = "<group>";
		};
		E261C40C283377DB0048B5DE /* docs */ = {
			isa = PBXGroup;
			children = (
				E261C40D283378730048B5DE /* index.md */,
			);
			path = docs;
			sourceTree = "<group>";
		};
/* End PBXGroup section */

/* Begin PBXNativeTarget section */
		E261C3D2283283F40048B5DE /* WeatherDock */ = {
			isa = PBXNativeTarget;
			buildConfigurationList = E261C3E2283283F50048B5DE /* Build configuration list for PBXNativeTarget "WeatherDock" */;
			buildPhases = (
				E261C3CF283283F40048B5DE /* Sources */,
				E261C3D0283283F40048B5DE /* Frameworks */,
				E261C3D1283283F40048B5DE /* Resources */,
			);
			buildRules = (
			);
			dependencies = (
			);
			name = WeatherDock;
			productName = WeatherDock;
			productReference = E261C3D3283283F40048B5DE /* WeatherDock.app */;
			productType = "com.apple.product-type.application";
		};
/* End PBXNativeTarget section */

/* Begin PBXProject section */
		E261C3CB283283F40048B5DE /* Project object */ = {
			isa = PBXProject;
			attributes = {
				BuildIndependentTargetsInParallel = 1;
				LastSwiftUpdateCheck = 1330;
				LastUpgradeCheck = 1330;
				TargetAttributes = {
					E261C3D2283283F40048B5DE = {
						CreatedOnToolsVersion = 13.3.1;
					};
				};
			};
			buildConfigurationList = E261C3CE283283F40048B5DE /* Build configuration list for PBXProject "WeatherDock" */;
			compatibilityVersion = "Xcode 13.0";
			developmentRegion = en;
			hasScannedForEncodings = 0;
			knownRegions = (
				en,
				Base,
			);
			mainGroup = E261C3CA283283F40048B5DE;
			productRefGroup = E261C3D4283283F40048B5DE /* Products */;
			projectDirPath = "";
			projectRoot = "";
			targets = (
				E261C3D2283283F40048B5DE /* WeatherDock */,
			);
		};
/* End PBXProject section */

/* Begin PBXResourcesBuildPhase section */
		E261C3D1283283F40048B5DE /* Resources */ = {
			isa = PBXResourcesBuildPhase;
			buildActionMask = 2147483647;
			files = (
				E261C40A283285360048B5DE /* keys.plist in Resources */,
				E261C3DE283283F50048B5DE /* Preview Assets.xcassets in Resources */,
				E261C3E6283284C00048B5DE /* .gitignore in Resources */,
				E261C3E8283284E00048B5DE /* README.md in Resources */,
				E261C3DB283283F50048B5DE /* Assets.xcassets in Resources */,
			);
			runOnlyForDeploymentPostprocessing = 0;
		};
/* End PBXResourcesBuildPhase section */

/* Begin PBXSourcesBuildPhase section */
		E261C3CF283283F40048B5DE /* Sources */ = {
			isa = PBXSourcesBuildPhase;
			buildActionMask = 2147483647;
			files = (
				E261C405283285100048B5DE /* GeneralSettingsView.swift in Sources */,
				E261C408283285100048B5DE /* ContentView.swift in Sources */,
				E261C3FB283285100048B5DE /* WeatherData.swift in Sources */,
				E261C402283285100048B5DE /* LocationManager.swift in Sources */,
				E261C401283285100048B5DE /* Utils.swift in Sources */,
				E261C400283285100048B5DE /* Network.swift in Sources */,
				E261C3FE283285100048B5DE /* DefaultSettings.swift in Sources */,
				E261C3FD283285100048B5DE /* CurrentWeatherData.swift in Sources */,
				E261C3FC283285100048B5DE /* ForecastData.swift in Sources */,
				E261C3D7283283F40048B5DE /* WeatherDockApp.swift in Sources */,
				E261C404283285100048B5DE /* AboutSettingsView.swift in Sources */,
				E261C407283285100048B5DE /* ForecastView.swift in Sources */,
				E261C406283285100048B5DE /* CurrentWeatherView.swift in Sources */,
				E261C3FF283285100048B5DE /* Extentions.swift in Sources */,
				E261C403283285100048B5DE /* SettingsView.swift in Sources */,
			);
			runOnlyForDeploymentPostprocessing = 0;
		};
/* End PBXSourcesBuildPhase section */

/* Begin XCBuildConfiguration section */
		E261C3E0283283F50048B5DE /* Debug */ = {
			isa = XCBuildConfiguration;
			buildSettings = {
				ALWAYS_SEARCH_USER_PATHS = NO;
				CLANG_ANALYZER_NONNULL = YES;
				CLANG_ANALYZER_NUMBER_OBJECT_CONVERSION = YES_AGGRESSIVE;
				CLANG_CXX_LANGUAGE_STANDARD = "gnu++17";
				CLANG_ENABLE_MODULES = YES;
				CLANG_ENABLE_OBJC_ARC = YES;
				CLANG_ENABLE_OBJC_WEAK = YES;
				CLANG_WARN_BLOCK_CAPTURE_AUTORELEASING = YES;
				CLANG_WARN_BOOL_CONVERSION = YES;
				CLANG_WARN_COMMA = YES;
				CLANG_WARN_CONSTANT_CONVERSION = YES;
				CLANG_WARN_DEPRECATED_OBJC_IMPLEMENTATIONS = YES;
				CLANG_WARN_DIRECT_OBJC_ISA_USAGE = YES_ERROR;
				CLANG_WARN_DOCUMENTATION_COMMENTS = YES;
				CLANG_WARN_EMPTY_BODY = YES;
				CLANG_WARN_ENUM_CONVERSION = YES;
				CLANG_WARN_INFINITE_RECURSION = YES;
				CLANG_WARN_INT_CONVERSION = YES;
				CLANG_WARN_NON_LITERAL_NULL_CONVERSION = YES;
				CLANG_WARN_OBJC_IMPLICIT_RETAIN_SELF = YES;
				CLANG_WARN_OBJC_LITERAL_CONVERSION = YES;
				CLANG_WARN_OBJC_ROOT_CLASS = YES_ERROR;
				CLANG_WARN_QUOTED_INCLUDE_IN_FRAMEWORK_HEADER = YES;
				CLANG_WARN_RANGE_LOOP_ANALYSIS = YES;
				CLANG_WARN_STRICT_PROTOTYPES = YES;
				CLANG_WARN_SUSPICIOUS_MOVE = YES;
				CLANG_WARN_UNGUARDED_AVAILABILITY = YES_AGGRESSIVE;
				CLANG_WARN_UNREACHABLE_CODE = YES;
				CLANG_WARN__DUPLICATE_METHOD_MATCH = YES;
				COPY_PHASE_STRIP = NO;
				DEBUG_INFORMATION_FORMAT = dwarf;
				ENABLE_STRICT_OBJC_MSGSEND = YES;
				ENABLE_TESTABILITY = YES;
				GCC_C_LANGUAGE_STANDARD = gnu11;
				GCC_DYNAMIC_NO_PIC = NO;
				GCC_NO_COMMON_BLOCKS = YES;
				GCC_OPTIMIZATION_LEVEL = 0;
				GCC_PREPROCESSOR_DEFINITIONS = (
					"DEBUG=1",
					"$(inherited)",
				);
				GCC_WARN_64_TO_32_BIT_CONVERSION = YES;
				GCC_WARN_ABOUT_RETURN_TYPE = YES_ERROR;
				GCC_WARN_UNDECLARED_SELECTOR = YES;
				GCC_WARN_UNINITIALIZED_AUTOS = YES_AGGRESSIVE;
				GCC_WARN_UNUSED_FUNCTION = YES;
				GCC_WARN_UNUSED_VARIABLE = YES;
				MACOSX_DEPLOYMENT_TARGET = 12.3;
				MTL_ENABLE_DEBUG_INFO = INCLUDE_SOURCE;
				MTL_FAST_MATH = YES;
				ONLY_ACTIVE_ARCH = YES;
				SDKROOT = macosx;
				SWIFT_ACTIVE_COMPILATION_CONDITIONS = DEBUG;
				SWIFT_OPTIMIZATION_LEVEL = "-Onone";
			};
			name = Debug;
		};
		E261C3E1283283F50048B5DE /* Release */ = {
			isa = XCBuildConfiguration;
			buildSettings = {
				ALWAYS_SEARCH_USER_PATHS = NO;
				CLANG_ANALYZER_NONNULL = YES;
				CLANG_ANALYZER_NUMBER_OBJECT_CONVERSION = YES_AGGRESSIVE;
				CLANG_CXX_LANGUAGE_STANDARD = "gnu++17";
				CLANG_ENABLE_MODULES = YES;
				CLANG_ENABLE_OBJC_ARC = YES;
				CLANG_ENABLE_OBJC_WEAK = YES;
				CLANG_WARN_BLOCK_CAPTURE_AUTORELEASING = YES;
				CLANG_WARN_BOOL_CONVERSION = YES;
				CLANG_WARN_COMMA = YES;
				CLANG_WARN_CONSTANT_CONVERSION = YES;
				CLANG_WARN_DEPRECATED_OBJC_IMPLEMENTATIONS = YES;
				CLANG_WARN_DIRECT_OBJC_ISA_USAGE = YES_ERROR;
				CLANG_WARN_DOCUMENTATION_COMMENTS = YES;
				CLANG_WARN_EMPTY_BODY = YES;
				CLANG_WARN_ENUM_CONVERSION = YES;
				CLANG_WARN_INFINITE_RECURSION = YES;
				CLANG_WARN_INT_CONVERSION = YES;
				CLANG_WARN_NON_LITERAL_NULL_CONVERSION = YES;
				CLANG_WARN_OBJC_IMPLICIT_RETAIN_SELF = YES;
				CLANG_WARN_OBJC_LITERAL_CONVERSION = YES;
				CLANG_WARN_OBJC_ROOT_CLASS = YES_ERROR;
				CLANG_WARN_QUOTED_INCLUDE_IN_FRAMEWORK_HEADER = YES;
				CLANG_WARN_RANGE_LOOP_ANALYSIS = YES;
				CLANG_WARN_STRICT_PROTOTYPES = YES;
				CLANG_WARN_SUSPICIOUS_MOVE = YES;
				CLANG_WARN_UNGUARDED_AVAILABILITY = YES_AGGRESSIVE;
				CLANG_WARN_UNREACHABLE_CODE = YES;
				CLANG_WARN__DUPLICATE_METHOD_MATCH = YES;
				COPY_PHASE_STRIP = NO;
				DEBUG_INFORMATION_FORMAT = "dwarf-with-dsym";
				ENABLE_NS_ASSERTIONS = NO;
				ENABLE_STRICT_OBJC_MSGSEND = YES;
				GCC_C_LANGUAGE_STANDARD = gnu11;
				GCC_NO_COMMON_BLOCKS = YES;
				GCC_WARN_64_TO_32_BIT_CONVERSION = YES;
				GCC_WARN_ABOUT_RETURN_TYPE = YES_ERROR;
				GCC_WARN_UNDECLARED_SELECTOR = YES;
				GCC_WARN_UNINITIALIZED_AUTOS = YES_AGGRESSIVE;
				GCC_WARN_UNUSED_FUNCTION = YES;
				GCC_WARN_UNUSED_VARIABLE = YES;
				MACOSX_DEPLOYMENT_TARGET = 12.3;
				MTL_ENABLE_DEBUG_INFO = NO;
				MTL_FAST_MATH = YES;
				SDKROOT = macosx;
				SWIFT_COMPILATION_MODE = wholemodule;
				SWIFT_OPTIMIZATION_LEVEL = "-O";
			};
			name = Release;
		};
		E261C3E3283283F50048B5DE /* Debug */ = {
			isa = XCBuildConfiguration;
			buildSettings = {
				ASSETCATALOG_COMPILER_APPICON_NAME = AppIcon;
				ASSETCATALOG_COMPILER_GLOBAL_ACCENT_COLOR_NAME = AccentColor;
				CODE_SIGN_ENTITLEMENTS = WeatherDock/WeatherDock.entitlements;
				CODE_SIGN_STYLE = Automatic;
				COMBINE_HIDPI_IMAGES = YES;
				CURRENT_PROJECT_VERSION = 1;
				DEVELOPMENT_ASSET_PATHS = "\"WeatherDock/Preview Content\"";
				DEVELOPMENT_TEAM = CT76ZJ5MHM;
				ENABLE_HARDENED_RUNTIME = YES;
				ENABLE_PREVIEWS = YES;
				GENERATE_INFOPLIST_FILE = YES;
				INFOPLIST_FILE = WeatherDock/Info.plist;
				INFOPLIST_KEY_NSHumanReadableCopyright = "";
				LD_RUNPATH_SEARCH_PATHS = (
					"$(inherited)",
					"@executable_path/../Frameworks",
				);
				MARKETING_VERSION = 1.0;
				PRODUCT_BUNDLE_IDENTIFIER = com.astep.WeatherDock;
				PRODUCT_NAME = "$(TARGET_NAME)";
				SWIFT_EMIT_LOC_STRINGS = YES;
				SWIFT_VERSION = 5.0;
			};
			name = Debug;
		};
		E261C3E4283283F50048B5DE /* Release */ = {
			isa = XCBuildConfiguration;
			buildSettings = {
				ASSETCATALOG_COMPILER_APPICON_NAME = AppIcon;
				ASSETCATALOG_COMPILER_GLOBAL_ACCENT_COLOR_NAME = AccentColor;
				CODE_SIGN_ENTITLEMENTS = WeatherDock/WeatherDock.entitlements;
				CODE_SIGN_STYLE = Automatic;
				COMBINE_HIDPI_IMAGES = YES;
				CURRENT_PROJECT_VERSION = 1;
				DEVELOPMENT_ASSET_PATHS = "\"WeatherDock/Preview Content\"";
				DEVELOPMENT_TEAM = CT76ZJ5MHM;
				ENABLE_HARDENED_RUNTIME = YES;
				ENABLE_PREVIEWS = YES;
				GENERATE_INFOPLIST_FILE = YES;
				INFOPLIST_FILE = WeatherDock/Info.plist;
				INFOPLIST_KEY_NSHumanReadableCopyright = "";
				LD_RUNPATH_SEARCH_PATHS = (
					"$(inherited)",
					"@executable_path/../Frameworks",
				);
				MARKETING_VERSION = 1.0;
				PRODUCT_BUNDLE_IDENTIFIER = com.astep.WeatherDock;
				PRODUCT_NAME = "$(TARGET_NAME)";
				SWIFT_EMIT_LOC_STRINGS = YES;
				SWIFT_VERSION = 5.0;
			};
			name = Release;
		};
/* End XCBuildConfiguration section */

/* Begin XCConfigurationList section */
		E261C3CE283283F40048B5DE /* Build configuration list for PBXProject "WeatherDock" */ = {
			isa = XCConfigurationList;
			buildConfigurations = (
				E261C3E0283283F50048B5DE /* Debug */,
				E261C3E1283283F50048B5DE /* Release */,
			);
			defaultConfigurationIsVisible = 0;
			defaultConfigurationName = Release;
		};
		E261C3E2283283F50048B5DE /* Build configuration list for PBXNativeTarget "WeatherDock" */ = {
			isa = XCConfigurationList;
			buildConfigurations = (
				E261C3E3283283F50048B5DE /* Debug */,
				E261C3E4283283F50048B5DE /* Release */,
			);
			defaultConfigurationIsVisible = 0;
			defaultConfigurationName = Release;
		};
/* End XCConfigurationList section */
	};
	rootObject = E261C3CB283283F40048B5DE /* Project object */;
}
